
Microsoft Visual Studio Solution File, Format Version 10.00
# Visual C++ Express 2008
Project("{8BC9CEB8-8B4A-11D0-8D11-00A0C91BC942}") = "JiTU", "JiTU\JiTU.vcproj", "{4988F2DF-CFFB-4701-971B-F8321DCAE99F}"
EndProject
Global
	GlobalSection(SolutionConfigurationPlatforms) = preSolution
		Debug|Win32 = Debug|Win32
		Release|Win32 = Release|Win32
	EndGlobalSection
	GlobalSection(ProjectConfigurationPlatforms) = postSolution
		{4988F2DF-CFFB-4701-971B-F8321DCAE99F}.Debug|Win32.ActiveCfg = Debug|Win32
		{4988F2DF-CFFB-4701-971B-F8321DCAE99F}.Debug|Win32.Build.0 = Debug|Win32
		{4988F2DF-CFFB-4701-971B-F8321DCAE99F}.Release|Win32.ActiveCfg = Release|Win32
		{4988F2DF-CFFB-4701-971B-F8321DCAE99F}.Release|Win32.Build.0 = Release|Win32
	EndGlobalSection
	GlobalSection(SolutionProperties) = preSolution
		HideSolutionNode = FALSE
	EndGlobalSection
EndGlobal
